[[package]]
category = "main"
description = "Fast, Extensible Progress Meter"
name = "tqdm"
optional = false
python-versions = ">=2.6, !=3.0.*, !=3.1.*"
version = "4.48.0"

[package.extras]
dev = ["py-make (>=0.1.0)", "twine", "argopt", "pydoc-markdown"]

[metadata]
content-hash = "cb0997f3052773086d168780a83b5cc09642d3e8167c1b20eba73456702348a4"
python-versions = "^3.8"

[metadata.files]
tqdm = [
    {file = "tqdm-4.48.0-py2.py3-none-any.whl", hash = "sha256:fcb7cb5b729b60a27f300b15c1ffd4744f080fb483b88f31dc8654b082cc8ea5"},
    {file = "tqdm-4.48.0.tar.gz", hash = "sha256:6baa75a88582b1db6d34ce4690da5501d2a1cb65c34664840a456b2c9f794d29"},
]
